
Microsoft Visual Studio Solution File, Format Version 12.00
# Visual Studio 15
VisualStudioVersion = 15.0.27703.2000
MinimumVisualStudioVersion = 10.0.40219.1
Project("{FAE04EC0-301F-11D3-BF4B-00C04F79EFBC}") = "SecondGit", "SecondGit\SecondGit.csproj", "{09A3C395-0604-4751-9C33-928D235FFB6A}"
EndProject
Global
	GlobalSection(SolutionConfigurationPlatforms) = preSolution
		Debug|Any CPU = Debug|Any CPU
		Release|Any CPU = Release|Any CPU
	EndGlobalSection
	GlobalSection(ProjectConfigurationPlatforms) = postSolution
		{09A3C395-0604-4751-9C33-928D235FFB6A}.Debug|Any CPU.ActiveCfg = Debug|Any CPU
		{09A3C395-0604-4751-9C33-928D235FFB6A}.Debug|Any CPU.Build.0 = Debug|Any CPU
		{09A3C395-0604-4751-9C33-928D235FFB6A}.Release|Any CPU.ActiveCfg = Release|Any CPU
		{09A3C395-0604-4751-9C33-928D235FFB6A}.Release|Any CPU.Build.0 = Release|Any CPU
	EndGlobalSection
	GlobalSection(SolutionProperties) = preSolution
		HideSolutionNode = FALSE
	EndGlobalSection
	GlobalSection(ExtensibilityGlobals) = postSolution
		SolutionGuid = {FB9745F0-4C97-433B-A532-FF6254AA4BC0}
	EndGlobalSection
EndGlobal
